
Microsoft Visual Studio Solution File, Format Version 12.00
# Visual Studio Version 16
VisualStudioVersion = 16.0.29230.47
MinimumVisualStudioVersion = 10.0.40219.1
Project("{9092AA53-FB77-4645-B42D-1CCCA6BD08BD}") = "iRacingTelemetry", "iRacingTelemetry.njsproj", "{406FEF53-0048-444B-9CC1-BBF88BECA72A}"
EndProject
Global
	GlobalSection(SolutionConfigurationPlatforms) = preSolution
		Debug|Any CPU = Debug|Any CPU
		Release|Any CPU = Release|Any CPU
	EndGlobalSection
	GlobalSection(ProjectConfigurationPlatforms) = postSolution
		{406FEF53-0048-444B-9CC1-BBF88BECA72A}.Debug|Any CPU.ActiveCfg = Debug|Any CPU
		{406FEF53-0048-444B-9CC1-BBF88BECA72A}.Debug|Any CPU.Build.0 = Debug|Any CPU
		{406FEF53-0048-444B-9CC1-BBF88BECA72A}.Release|Any CPU.ActiveCfg = Release|Any CPU
		{406FEF53-0048-444B-9CC1-BBF88BECA72A}.Release|Any CPU.Build.0 = Release|Any CPU
	EndGlobalSection
	GlobalSection(SolutionProperties) = preSolution
		HideSolutionNode = FALSE
	EndGlobalSection
	GlobalSection(ExtensibilityGlobals) = postSolution
		SolutionGuid = {5B68B8F9-823F-4746-A995-B456F6DDE931}
	EndGlobalSection
EndGlobal
